
Microsoft Visual Studio Solution File, Format Version 12.00
# Visual Studio 15
VisualStudioVersion = 15.0.27004.2002
MinimumVisualStudioVersion = 10.0.40219.1
Project("{FAE04EC0-301F-11D3-BF4B-00C04F79EFBC}") = "ClientConsole", "ClientConsole\ClientConsole.csproj", "{612F373C-AF6A-4825-96CA-638CC13E5D66}"
EndProject
Project("{9A19103F-16F7-4668-BE54-9A1E7A4F7556}") = "CoreClientConsole", "CoreClientConsole\CoreClientConsole.csproj", "{0A332F29-D37F-46E8-9419-E0EA701B277F}"
EndProject
Project("{FAE04EC0-301F-11D3-BF4B-00C04F79EFBC}") = "WinformsClient", "WinformsClient\WinformsClient.csproj", "{D42C780E-BC01-411D-8BA1-B7C826098AF2}"
EndProject
Global
	GlobalSection(SolutionConfigurationPlatforms) = preSolution
		Debug|Any CPU = Debug|Any CPU
		Release|Any CPU = Release|Any CPU
	EndGlobalSection
	GlobalSection(ProjectConfigurationPlatforms) = postSolution
		{612F373C-AF6A-4825-96CA-638CC13E5D66}.Debug|Any CPU.ActiveCfg = Debug|Any CPU
		{612F373C-AF6A-4825-96CA-638CC13E5D66}.Debug|Any CPU.Build.0 = Debug|Any CPU
		{612F373C-AF6A-4825-96CA-638CC13E5D66}.Release|Any CPU.ActiveCfg = Release|Any CPU
		{612F373C-AF6A-4825-96CA-638CC13E5D66}.Release|Any CPU.Build.0 = Release|Any CPU
		{0A332F29-D37F-46E8-9419-E0EA701B277F}.Debug|Any CPU.ActiveCfg = Debug|Any CPU
		{0A332F29-D37F-46E8-9419-E0EA701B277F}.Debug|Any CPU.Build.0 = Debug|Any CPU
		{0A332F29-D37F-46E8-9419-E0EA701B277F}.Release|Any CPU.ActiveCfg = Release|Any CPU
		{0A332F29-D37F-46E8-9419-E0EA701B277F}.Release|Any CPU.Build.0 = Release|Any CPU
		{D42C780E-BC01-411D-8BA1-B7C826098AF2}.Debug|Any CPU.ActiveCfg = Debug|Any CPU
		{D42C780E-BC01-411D-8BA1-B7C826098AF2}.Debug|Any CPU.Build.0 = Debug|Any CPU
		{D42C780E-BC01-411D-8BA1-B7C826098AF2}.Release|Any CPU.ActiveCfg = Release|Any CPU
		{D42C780E-BC01-411D-8BA1-B7C826098AF2}.Release|Any CPU.Build.0 = Release|Any CPU
	EndGlobalSection
	GlobalSection(SolutionProperties) = preSolution
		HideSolutionNode = FALSE
	EndGlobalSection
	GlobalSection(ExtensibilityGlobals) = postSolution
		SolutionGuid = {15C3347F-CA35-4D6E-B5EA-0372FD1D67E5}
	EndGlobalSection
EndGlobal
